
Microsoft Visual Studio Solution File, Format Version 12.00
# Visual Studio Version 16
VisualStudioVersion = 16.0.33027.164
MinimumVisualStudioVersion = 10.0.40219.1
Project("{FAE04EC0-301F-11D3-BF4B-00C04F79EFBC}") = "HomeWorkTraining1", "HomeWorkTraining1.csproj", "{D46684E5-D471-44D3-9848-3066D1A90739}"
EndProject
Global
	GlobalSection(SolutionConfigurationPlatforms) = preSolution
		Debug|Any CPU = Debug|Any CPU
		Release|Any CPU = Release|Any CPU
	EndGlobalSection
	GlobalSection(ProjectConfigurationPlatforms) = postSolution
		{D46684E5-D471-44D3-9848-3066D1A90739}.Debug|Any CPU.ActiveCfg = Debug|Any CPU
		{D46684E5-D471-44D3-9848-3066D1A90739}.Debug|Any CPU.Build.0 = Debug|Any CPU
		{D46684E5-D471-44D3-9848-3066D1A90739}.Release|Any CPU.ActiveCfg = Release|Any CPU
		{D46684E5-D471-44D3-9848-3066D1A90739}.Release|Any CPU.Build.0 = Release|Any CPU
	EndGlobalSection
	GlobalSection(SolutionProperties) = preSolution
		HideSolutionNode = FALSE
	EndGlobalSection
	GlobalSection(ExtensibilityGlobals) = postSolution
		SolutionGuid = {BD1414B8-948E-461B-9050-66F698B70B5D}
	EndGlobalSection
EndGlobal
